
Microsoft Visual Studio Solution File, Format Version 12.00
# Visual Studio Version 17
VisualStudioVersion = 17.11.35327.3
MinimumVisualStudioVersion = 10.0.40219.1
Project("{9A19103F-16F7-4668-BE54-9A1E7A4F7556}") = "AIR_Whelly_API", "AIR_Whelly_API\AIR_Whelly_API.csproj", "{8E617671-6126-4B26-8D06-D13845B49D9D}"
EndProject
Project("{2150E333-8FDC-42A3-9474-1A3956D46DE8}") = "Solution Items", "Solution Items", "{E2932082-DCFD-46E7-832D-D17369EBFFCD}"
	ProjectSection(SolutionItems) = preProject
		.gitignore = .gitignore
	EndProjectSection
EndProject
Project("{FAE04EC0-301F-11D3-BF4B-00C04F79EFBC}") = "AIR_Whelly_BLL", "AIR_Whelly_BLL\AIR_Whelly_BLL.csproj", "{21D1CB77-14ED-43F2-8782-377AE378AC48}"
EndProject
Project("{FAE04EC0-301F-11D3-BF4B-00C04F79EFBC}") = "AIR_Whelly_DAL", "AIR_Whelly_DAL\AIR_Whelly_DAL.csproj", "{F8F643AC-8152-42C2-B3F7-14D22B18CF82}"
EndProject
Project("{FAE04EC0-301F-11D3-BF4B-00C04F79EFBC}") = "AIR_Wheely_Common", "AIR_Wheely_Common\AIR_Wheely_Common.csproj", "{3B6D29CA-11E1-4B28-9AB6-E92F8BB64B10}"
EndProject
Global
	GlobalSection(SolutionConfigurationPlatforms) = preSolution
		Debug|Any CPU = Debug|Any CPU
		Release|Any CPU = Release|Any CPU
	EndGlobalSection
	GlobalSection(ProjectConfigurationPlatforms) = postSolution
		{8E617671-6126-4B26-8D06-D13845B49D9D}.Debug|Any CPU.ActiveCfg = Debug|Any CPU
		{8E617671-6126-4B26-8D06-D13845B49D9D}.Debug|Any CPU.Build.0 = Debug|Any CPU
		{8E617671-6126-4B26-8D06-D13845B49D9D}.Release|Any CPU.ActiveCfg = Release|Any CPU
		{8E617671-6126-4B26-8D06-D13845B49D9D}.Release|Any CPU.Build.0 = Release|Any CPU
		{21D1CB77-14ED-43F2-8782-377AE378AC48}.Debug|Any CPU.ActiveCfg = Debug|Any CPU
		{21D1CB77-14ED-43F2-8782-377AE378AC48}.Debug|Any CPU.Build.0 = Debug|Any CPU
		{21D1CB77-14ED-43F2-8782-377AE378AC48}.Release|Any CPU.ActiveCfg = Release|Any CPU
		{21D1CB77-14ED-43F2-8782-377AE378AC48}.Release|Any CPU.Build.0 = Release|Any CPU
		{F8F643AC-8152-42C2-B3F7-14D22B18CF82}.Debug|Any CPU.ActiveCfg = Debug|Any CPU
		{F8F643AC-8152-42C2-B3F7-14D22B18CF82}.Debug|Any CPU.Build.0 = Debug|Any CPU
		{F8F643AC-8152-42C2-B3F7-14D22B18CF82}.Release|Any CPU.ActiveCfg = Release|Any CPU
		{F8F643AC-8152-42C2-B3F7-14D22B18CF82}.Release|Any CPU.Build.0 = Release|Any CPU
		{3B6D29CA-11E1-4B28-9AB6-E92F8BB64B10}.Debug|Any CPU.ActiveCfg = Debug|Any CPU
		{3B6D29CA-11E1-4B28-9AB6-E92F8BB64B10}.Debug|Any CPU.Build.0 = Debug|Any CPU
		{3B6D29CA-11E1-4B28-9AB6-E92F8BB64B10}.Release|Any CPU.ActiveCfg = Release|Any CPU
		{3B6D29CA-11E1-4B28-9AB6-E92F8BB64B10}.Release|Any CPU.Build.0 = Release|Any CPU
	EndGlobalSection
	GlobalSection(SolutionProperties) = preSolution
		HideSolutionNode = FALSE
	EndGlobalSection
	GlobalSection(ExtensibilityGlobals) = postSolution
		SolutionGuid = {B334CADB-046F-4023-A4E6-1808A0AA6C80}
	EndGlobalSection
EndGlobal
